
Microsoft Visual Studio Solution File, Format Version 12.00
# Visual Studio 15
VisualStudioVersion = 15.0.28010.2046
MinimumVisualStudioVersion = 10.0.40219.1
Project("{FAE04EC0-301F-11D3-BF4B-00C04F79EFBC}") = "Morgengry", "Morgengry\Morgengry.csproj", "{EFBCB248-F2FD-4257-94AA-1D61BEC91E3B}"
EndProject
Project("{FAE04EC0-301F-11D3-BF4B-00C04F79EFBC}") = "Test", "Test\Test.csproj", "{3FD133A4-0411-44D9-ACD4-9D93AE796A51}"
EndProject
Global
	GlobalSection(SolutionConfigurationPlatforms) = preSolution
		Debug|Any CPU = Debug|Any CPU
		Release|Any CPU = Release|Any CPU
	EndGlobalSection
	GlobalSection(ProjectConfigurationPlatforms) = postSolution
		{EFBCB248-F2FD-4257-94AA-1D61BEC91E3B}.Debug|Any CPU.ActiveCfg = Debug|Any CPU
		{EFBCB248-F2FD-4257-94AA-1D61BEC91E3B}.Debug|Any CPU.Build.0 = Debug|Any CPU
		{EFBCB248-F2FD-4257-94AA-1D61BEC91E3B}.Release|Any CPU.ActiveCfg = Release|Any CPU
		{EFBCB248-F2FD-4257-94AA-1D61BEC91E3B}.Release|Any CPU.Build.0 = Release|Any CPU
		{3FD133A4-0411-44D9-ACD4-9D93AE796A51}.Debug|Any CPU.ActiveCfg = Debug|Any CPU
		{3FD133A4-0411-44D9-ACD4-9D93AE796A51}.Debug|Any CPU.Build.0 = Debug|Any CPU
		{3FD133A4-0411-44D9-ACD4-9D93AE796A51}.Release|Any CPU.ActiveCfg = Release|Any CPU
		{3FD133A4-0411-44D9-ACD4-9D93AE796A51}.Release|Any CPU.Build.0 = Release|Any CPU
	EndGlobalSection
	GlobalSection(SolutionProperties) = preSolution
		HideSolutionNode = FALSE
	EndGlobalSection
	GlobalSection(ExtensibilityGlobals) = postSolution
		SolutionGuid = {53221F60-8D4E-4B6A-A7D3-BCFC0B2AA06A}
	EndGlobalSection
EndGlobal
